
Microsoft Visual Studio Solution File, Format Version 12.00
# Visual Studio Version 17
VisualStudioVersion = 17.0.31903.59
MinimumVisualStudioVersion = 10.0.40219.1
Project("{FAE04EC0-301F-11D3-BF4B-00C04F79EFBC}") = "WingetPro.Aspire.AppHost", "WingetPro.Aspire\WingetPro.Aspire.AppHost\WingetPro.Aspire.AppHost.csproj", "{20FB93DA-95B0-4B97-BCA6-3E19D407789F}"
EndProject
Project("{FAE04EC0-301F-11D3-BF4B-00C04F79EFBC}") = "WingetPro.Aspire.ServiceDefaults", "WingetPro.Aspire\WingetPro.Aspire.ServiceDefaults\WingetPro.Aspire.ServiceDefaults.csproj", "{EF23B349-B3B0-457B-9A21-FECA711444D5}"
EndProject
Project("{2150E333-8FDC-42A3-9474-1A3956D46DE8}") = "Solution Items", "Solution Items", "{D81CCF0C-3F31-49E3-AEBA-7851FB9432A0}"
	ProjectSection(SolutionItems) = preProject
		Dockerfile = Dockerfile
		nginx.Dockerfile = nginx.Dockerfile
	EndProjectSection
EndProject
Global
	GlobalSection(SolutionConfigurationPlatforms) = preSolution
		Debug|Any CPU = Debug|Any CPU
		Release|Any CPU = Release|Any CPU
	EndGlobalSection
	GlobalSection(ProjectConfigurationPlatforms) = postSolution
		{20FB93DA-95B0-4B97-BCA6-3E19D407789F}.Debug|Any CPU.ActiveCfg = Debug|Any CPU
		{20FB93DA-95B0-4B97-BCA6-3E19D407789F}.Debug|Any CPU.Build.0 = Debug|Any CPU
		{20FB93DA-95B0-4B97-BCA6-3E19D407789F}.Release|Any CPU.ActiveCfg = Release|Any CPU
		{20FB93DA-95B0-4B97-BCA6-3E19D407789F}.Release|Any CPU.Build.0 = Release|Any CPU
		{EF23B349-B3B0-457B-9A21-FECA711444D5}.Debug|Any CPU.ActiveCfg = Debug|Any CPU
		{EF23B349-B3B0-457B-9A21-FECA711444D5}.Debug|Any CPU.Build.0 = Debug|Any CPU
		{EF23B349-B3B0-457B-9A21-FECA711444D5}.Release|Any CPU.ActiveCfg = Release|Any CPU
		{EF23B349-B3B0-457B-9A21-FECA711444D5}.Release|Any CPU.Build.0 = Release|Any CPU
	EndGlobalSection
	GlobalSection(SolutionProperties) = preSolution
		HideSolutionNode = FALSE
	EndGlobalSection
EndGlobal
